
Microsoft Visual Studio Solution File, Format Version 12.00
# Visual Studio Version 16
VisualStudioVersion = 16.0.30621.155
MinimumVisualStudioVersion = 10.0.40219.1
Project("{FAE04EC0-301F-11D3-BF4B-00C04F79EFBC}") = "Proj1", "Proj1\Proj1.csproj", "{193E1115-BEB5-4895-AE0C-08159841BBF9}"
EndProject
Global
	GlobalSection(SolutionConfigurationPlatforms) = preSolution
		Debug|Any CPU = Debug|Any CPU
		Release|Any CPU = Release|Any CPU
	EndGlobalSection
	GlobalSection(ProjectConfigurationPlatforms) = postSolution
		{193E1115-BEB5-4895-AE0C-08159841BBF9}.Debug|Any CPU.ActiveCfg = Debug|Any CPU
		{193E1115-BEB5-4895-AE0C-08159841BBF9}.Debug|Any CPU.Build.0 = Debug|Any CPU
		{193E1115-BEB5-4895-AE0C-08159841BBF9}.Release|Any CPU.ActiveCfg = Release|Any CPU
		{193E1115-BEB5-4895-AE0C-08159841BBF9}.Release|Any CPU.Build.0 = Release|Any CPU
	EndGlobalSection
	GlobalSection(SolutionProperties) = preSolution
		HideSolutionNode = FALSE
	EndGlobalSection
	GlobalSection(ExtensibilityGlobals) = postSolution
		SolutionGuid = {4CAC28E3-8C59-4357-87EA-9CE93C869584}
	EndGlobalSection
EndGlobal
